// !$*UTF8*$!
{
	archiveVersion = 1;
	classes = {
	};
	objectVersion = 50;
	objects = {

/* Begin PBXBuildFile section */
		240173B8BF07E6301F86A7A7 /* Pods_RiR_POC.framework in Frameworks */ = {isa = PBXBuildFile; fileRef = D42B61E749B2C2A78F6BA93E /* Pods_RiR_POC.framework */; };
		3024AC4822BA7ED6005B9B36 /* Connected2ViewController.swift in Sources */ = {isa = PBXBuildFile; fileRef = 3024AC4722BA7ED6005B9B36 /* Connected2ViewController.swift */; };
		3024AC4A22BA9350005B9B36 /* Assets.xcassets in Resources */ = {isa = PBXBuildFile; fileRef = 3024AC4922BA9350005B9B36 /* Assets.xcassets */; };
		303C3B4D22C16782003B3173 /* GIF.swift in Sources */ = {isa = PBXBuildFile; fileRef = 303C3B4C22C16782003B3173 /* GIF.swift */; };
		306D1E3922B976E200E24CB4 /* SingersTableViewCell.swift in Sources */ = {isa = PBXBuildFile; fileRef = 306D1E3822B976E200E24CB4 /* SingersTableViewCell.swift */; };
		30A9303222BFBE1500C21F41 /* Connected3ViewController.swift in Sources */ = {isa = PBXBuildFile; fileRef = 30A9303122BFBE1500C21F41 /* Connected3ViewController.swift */; };
		30E1CE1D22C1436200FDB415 /* MapsViewController.swift in Sources */ = {isa = PBXBuildFile; fileRef = 30E1CE1C22C1436200FDB415 /* MapsViewController.swift */; };
		30F5D23622B8039A00090C11 /* AppDelegate.swift in Sources */ = {isa = PBXBuildFile; fileRef = 30F5D23522B8039A00090C11 /* AppDelegate.swift */; };
		30F5D23822B8039A00090C11 /* ViewController.swift in Sources */ = {isa = PBXBuildFile; fileRef = 30F5D23722B8039A00090C11 /* ViewController.swift */; };
		30F5D23B22B8039A00090C11 /* Main.storyboard in Resources */ = {isa = PBXBuildFile; fileRef = 30F5D23922B8039A00090C11 /* Main.storyboard */; };
		30F5D23E22B8039B00090C11 /* RiR_POC.xcdatamodeld in Sources */ = {isa = PBXBuildFile; fileRef = 30F5D23C22B8039B00090C11 /* RiR_POC.xcdatamodeld */; };
		30F5D24322B8039D00090C11 /* LaunchScreen.storyboard in Resources */ = {isa = PBXBuildFile; fileRef = 30F5D24122B8039D00090C11 /* LaunchScreen.storyboard */; };
		30F5D24E22B8039D00090C11 /* RiR_POCTests.swift in Sources */ = {isa = PBXBuildFile; fileRef = 30F5D24D22B8039D00090C11 /* RiR_POCTests.swift */; };
		30F5D25922B8039D00090C11 /* RiR_POCUITests.swift in Sources */ = {isa = PBXBuildFile; fileRef = 30F5D25822B8039D00090C11 /* RiR_POCUITests.swift */; };
		30F5D26822B8149D00090C11 /* ConnectedViewController.swift in Sources */ = {isa = PBXBuildFile; fileRef = 30F5D26722B8149D00090C11 /* ConnectedViewController.swift */; };
		30F5D26A22B815BB00090C11 /* NotConnectedViewController.swift in Sources */ = {isa = PBXBuildFile; fileRef = 30F5D26922B815BB00090C11 /* NotConnectedViewController.swift */; };
		76674D1E22C1053C00295391 /* WatsonMock.swift in Sources */ = {isa = PBXBuildFile; fileRef = 76674D1D22C1053C00295391 /* WatsonMock.swift */; };
		76CD941422BD6ACF00597BF0 /* WatsonIntegration.swift in Sources */ = {isa = PBXBuildFile; fileRef = 76CD941322BD6ACF00597BF0 /* WatsonIntegration.swift */; };
		76CD941822BD6C6F00597BF0 /* SoundManager.swift in Sources */ = {isa = PBXBuildFile; fileRef = 76CD941722BD6C6F00597BF0 /* SoundManager.swift */; };
		C56918CAA38C7126AF17C21D /* Pods_RiR_POCTests.framework in Frameworks */ = {isa = PBXBuildFile; fileRef = 12C2490CB32C0E1AC04DEF07 /* Pods_RiR_POCTests.framework */; };
		FC2F2032864D15245F33004E /* Pods_RiR_POCUITests.framework in Frameworks */ = {isa = PBXBuildFile; fileRef = C52C2492F21426E2369CC080 /* Pods_RiR_POCUITests.framework */; };
/* End PBXBuildFile section */

/* Begin PBXContainerItemProxy section */
		30F5D24A22B8039D00090C11 /* PBXContainerItemProxy */ = {
			isa = PBXContainerItemProxy;
			containerPortal = 30F5D22A22B8039A00090C11 /* Project object */;
			proxyType = 1;
			remoteGlobalIDString = 30F5D23122B8039A00090C11;
			remoteInfo = RiR_POC;
		};
		30F5D25522B8039D00090C11 /* PBXContainerItemProxy */ = {
			isa = PBXContainerItemProxy;
			containerPortal = 30F5D22A22B8039A00090C11 /* Project object */;
			proxyType = 1;
			remoteGlobalIDString = 30F5D23122B8039A00090C11;
			remoteInfo = RiR_POC;
		};
/* End PBXContainerItemProxy section */

/* Begin PBXFileReference section */
		12C2490CB32C0E1AC04DEF07 /* Pods_RiR_POCTests.framework */ = {isa = PBXFileReference; explicitFileType = wrapper.framework; includeInIndex = 0; path = Pods_RiR_POCTests.framework; sourceTree = BUILT_PRODUCTS_DIR; };
		288635D812872B1F65B45402 /* Pods-RiR_POCUITests.debug.xcconfig */ = {isa = PBXFileReference; includeInIndex = 1; lastKnownFileType = text.xcconfig; name = "Pods-RiR_POCUITests.debug.xcconfig"; path = "Target Support Files/Pods-RiR_POCUITests/Pods-RiR_POCUITests.debug.xcconfig"; sourceTree = "<group>"; };
		3024AC4722BA7ED6005B9B36 /* Connected2ViewController.swift */ = {isa = PBXFileReference; lastKnownFileType = sourcecode.swift; path = Connected2ViewController.swift; sourceTree = "<group>"; };
		3024AC4922BA9350005B9B36 /* Assets.xcassets */ = {isa = PBXFileReference; lastKnownFileType = folder.assetcatalog; path = Assets.xcassets; sourceTree = "<group>"; };
		303C3B4C22C16782003B3173 /* GIF.swift */ = {isa = PBXFileReference; lastKnownFileType = sourcecode.swift; path = GIF.swift; sourceTree = "<group>"; };
		306D1E3822B976E200E24CB4 /* SingersTableViewCell.swift */ = {isa = PBXFileReference; lastKnownFileType = sourcecode.swift; path = SingersTableViewCell.swift; sourceTree = "<group>"; };
		30A9303122BFBE1500C21F41 /* Connected3ViewController.swift */ = {isa = PBXFileReference; lastKnownFileType = sourcecode.swift; path = Connected3ViewController.swift; sourceTree = "<group>"; };
		30E1CE1C22C1436200FDB415 /* MapsViewController.swift */ = {isa = PBXFileReference; lastKnownFileType = sourcecode.swift; path = MapsViewController.swift; sourceTree = "<group>"; };
		30F5D23222B8039A00090C11 /* RiR_POC.app */ = {isa = PBXFileReference; explicitFileType = wrapper.application; includeInIndex = 0; path = RiR_POC.app; sourceTree = BUILT_PRODUCTS_DIR; };
		30F5D23522B8039A00090C11 /* AppDelegate.swift */ = {isa = PBXFileReference; lastKnownFileType = sourcecode.swift; path = AppDelegate.swift; sourceTree = "<group>"; };
		30F5D23722B8039A00090C11 /* ViewController.swift */ = {isa = PBXFileReference; lastKnownFileType = sourcecode.swift; path = ViewController.swift; sourceTree = "<group>"; };
		30F5D23A22B8039A00090C11 /* Base */ = {isa = PBXFileReference; lastKnownFileType = file.storyboard; name = Base; path = Base.lproj/Main.storyboard; sourceTree = "<group>"; };
		30F5D23D22B8039B00090C11 /* RiR_POC.xcdatamodel */ = {isa = PBXFileReference; lastKnownFileType = wrapper.xcdatamodel; path = RiR_POC.xcdatamodel; sourceTree = "<group>"; };
		30F5D24222B8039D00090C11 /* Base */ = {isa = PBXFileReference; lastKnownFileType = file.storyboard; name = Base; path = Base.lproj/LaunchScreen.storyboard; sourceTree = "<group>"; };
		30F5D24422B8039D00090C11 /* Info.plist */ = {isa = PBXFileReference; lastKnownFileType = text.plist.xml; path = Info.plist; sourceTree = "<group>"; };
		30F5D24922B8039D00090C11 /* RiR_POCTests.xctest */ = {isa = PBXFileReference; explicitFileType = wrapper.cfbundle; includeInIndex = 0; path = RiR_POCTests.xctest; sourceTree = BUILT_PRODUCTS_DIR; };
		30F5D24D22B8039D00090C11 /* RiR_POCTests.swift */ = {isa = PBXFileReference; lastKnownFileType = sourcecode.swift; path = RiR_POCTests.swift; sourceTree = "<group>"; };
		30F5D24F22B8039D00090C11 /* Info.plist */ = {isa = PBXFileReference; lastKnownFileType = text.plist.xml; path = Info.plist; sourceTree = "<group>"; };
		30F5D25422B8039D00090C11 /* RiR_POCUITests.xctest */ = {isa = PBXFileReference; explicitFileType = wrapper.cfbundle; includeInIndex = 0; path = RiR_POCUITests.xctest; sourceTree = BUILT_PRODUCTS_DIR; };
		30F5D25822B8039D00090C11 /* RiR_POCUITests.swift */ = {isa = PBXFileReference; lastKnownFileType = sourcecode.swift; path = RiR_POCUITests.swift; sourceTree = "<group>"; };
		30F5D25A22B8039D00090C11 /* Info.plist */ = {isa = PBXFileReference; lastKnownFileType = text.plist.xml; path = Info.plist; sourceTree = "<group>"; };
		30F5D26722B8149D00090C11 /* ConnectedViewController.swift */ = {isa = PBXFileReference; lastKnownFileType = sourcecode.swift; path = ConnectedViewController.swift; sourceTree = "<group>"; };
		30F5D26922B815BB00090C11 /* NotConnectedViewController.swift */ = {isa = PBXFileReference; lastKnownFileType = sourcecode.swift; path = NotConnectedViewController.swift; sourceTree = "<group>"; };
		76674D1D22C1053C00295391 /* WatsonMock.swift */ = {isa = PBXFileReference; lastKnownFileType = sourcecode.swift; path = WatsonMock.swift; sourceTree = "<group>"; };
		76CD941322BD6ACF00597BF0 /* WatsonIntegration.swift */ = {isa = PBXFileReference; lastKnownFileType = sourcecode.swift; path = WatsonIntegration.swift; sourceTree = "<group>"; };
		76CD941722BD6C6F00597BF0 /* SoundManager.swift */ = {isa = PBXFileReference; lastKnownFileType = sourcecode.swift; path = SoundManager.swift; sourceTree = "<group>"; };
		A02D781FC01DB48838FEA462 /* Pods-RiR_POCTests.release.xcconfig */ = {isa = PBXFileReference; includeInIndex = 1; lastKnownFileType = text.xcconfig; name = "Pods-RiR_POCTests.release.xcconfig"; path = "Target Support Files/Pods-RiR_POCTests/Pods-RiR_POCTests.release.xcconfig"; sourceTree = "<group>"; };
		BB6E1161CA55717F8B5AA579 /* Pods-RiR_POC.debug.xcconfig */ = {isa = PBXFileReference; includeInIndex = 1; lastKnownFileType = text.xcconfig; name = "Pods-RiR_POC.debug.xcconfig"; path = "Target Support Files/Pods-RiR_POC/Pods-RiR_POC.debug.xcconfig"; sourceTree = "<group>"; };
		C52C2492F21426E2369CC080 /* Pods_RiR_POCUITests.framework */ = {isa = PBXFileReference; explicitFileType = wrapper.framework; includeInIndex = 0; path = Pods_RiR_POCUITests.framework; sourceTree = BUILT_PRODUCTS_DIR; };
		D42B61E749B2C2A78F6BA93E /* Pods_RiR_POC.framework */ = {isa = PBXFileReference; explicitFileType = wrapper.framework; includeInIndex = 0; path = Pods_RiR_POC.framework; sourceTree = BUILT_PRODUCTS_DIR; };
		DFE3B7E1D0F31BC79F7292F9 /* Pods-RiR_POCUITests.release.xcconfig */ = {isa = PBXFileReference; includeInIndex = 1; lastKnownFileType = text.xcconfig; name = "Pods-RiR_POCUITests.release.xcconfig"; path = "Target Support Files/Pods-RiR_POCUITests/Pods-RiR_POCUITests.release.xcconfig"; sourceTree = "<group>"; };
		E27985006E36C0E2C2153A31 /* Pods-RiR_POCTests.debug.xcconfig */ = {isa = PBXFileReference; includeInIndex = 1; lastKnownFileType = text.xcconfig; name = "Pods-RiR_POCTests.debug.xcconfig"; path = "Target Support Files/Pods-RiR_POCTests/Pods-RiR_POCTests.debug.xcconfig"; sourceTree = "<group>"; };
		FAADF62552DBB47A28ACC2F1 /* Pods-RiR_POC.release.xcconfig */ = {isa = PBXFileReference; includeInIndex = 1; lastKnownFileType = text.xcconfig; name = "Pods-RiR_POC.release.xcconfig"; path = "Target Support Files/Pods-RiR_POC/Pods-RiR_POC.release.xcconfig"; sourceTree = "<group>"; };
/* End PBXFileReference section */

/* Begin PBXFrameworksBuildPhase section */
		30F5D22F22B8039A00090C11 /* Frameworks */ = {
			isa = PBXFrameworksBuildPhase;
			buildActionMask = 2147483647;
			files = (
				240173B8BF07E6301F86A7A7 /* Pods_RiR_POC.framework in Frameworks */,
			);
			runOnlyForDeploymentPostprocessing = 0;
		};
		30F5D24622B8039D00090C11 /* Frameworks */ = {
			isa = PBXFrameworksBuildPhase;
			buildActionMask = 2147483647;
			files = (
				C56918CAA38C7126AF17C21D /* Pods_RiR_POCTests.framework in Frameworks */,
			);
			runOnlyForDeploymentPostprocessing = 0;
		};
		30F5D25122B8039D00090C11 /* Frameworks */ = {
			isa = PBXFrameworksBuildPhase;
			buildActionMask = 2147483647;
			files = (
				FC2F2032864D15245F33004E /* Pods_RiR_POCUITests.framework in Frameworks */,
			);
			runOnlyForDeploymentPostprocessing = 0;
		};
/* End PBXFrameworksBuildPhase section */

/* Begin PBXGroup section */
		30F5D22922B8039A00090C11 = {
			isa = PBXGroup;
			children = (
				30F5D23422B8039A00090C11 /* RiR_POC */,
				30F5D24C22B8039D00090C11 /* RiR_POCTests */,
				30F5D25722B8039D00090C11 /* RiR_POCUITests */,
				30F5D23322B8039A00090C11 /* Products */,
				96C771D7C5665BF39DD6CC6C /* Pods */,
				FA1B790688FC5C2F0F113432 /* Frameworks */,
			);
			sourceTree = "<group>";
		};
		30F5D23322B8039A00090C11 /* Products */ = {
			isa = PBXGroup;
			children = (
				30F5D23222B8039A00090C11 /* RiR_POC.app */,
				30F5D24922B8039D00090C11 /* RiR_POCTests.xctest */,
				30F5D25422B8039D00090C11 /* RiR_POCUITests.xctest */,
			);
			name = Products;
			sourceTree = "<group>";
		};
		30F5D23422B8039A00090C11 /* RiR_POC */ = {
			isa = PBXGroup;
			children = (
				3024AC4922BA9350005B9B36 /* Assets.xcassets */,
				30F5D26622B8146900090C11 /* ScreenSequence */,
				30F5D23522B8039A00090C11 /* AppDelegate.swift */,
				30F5D23722B8039A00090C11 /* ViewController.swift */,
				30F5D23922B8039A00090C11 /* Main.storyboard */,
				30F5D24122B8039D00090C11 /* LaunchScreen.storyboard */,
				76674D1D22C1053C00295391 /* WatsonMock.swift */,
				30F5D24422B8039D00090C11 /* Info.plist */,
				30F5D23C22B8039B00090C11 /* RiR_POC.xcdatamodeld */,
				76CD941622BD6C5800597BF0 /* Watson */,
				30E1CE1C22C1436200FDB415 /* MapsViewController.swift */,
			);
			path = RiR_POC;
			sourceTree = "<group>";
		};
		30F5D24C22B8039D00090C11 /* RiR_POCTests */ = {
			isa = PBXGroup;
			children = (
				30F5D24D22B8039D00090C11 /* RiR_POCTests.swift */,
				30F5D24F22B8039D00090C11 /* Info.plist */,
			);
			path = RiR_POCTests;
			sourceTree = "<group>";
		};
		30F5D25722B8039D00090C11 /* RiR_POCUITests */ = {
			isa = PBXGroup;
			children = (
				30F5D25822B8039D00090C11 /* RiR_POCUITests.swift */,
				30F5D25A22B8039D00090C11 /* Info.plist */,
			);
			path = RiR_POCUITests;
			sourceTree = "<group>";
		};
		30F5D26622B8146900090C11 /* ScreenSequence */ = {
			isa = PBXGroup;
			children = (
				30F5D26722B8149D00090C11 /* ConnectedViewController.swift */,
				30F5D26922B815BB00090C11 /* NotConnectedViewController.swift */,
				306D1E3822B976E200E24CB4 /* SingersTableViewCell.swift */,
				3024AC4722BA7ED6005B9B36 /* Connected2ViewController.swift */,
				30A9303122BFBE1500C21F41 /* Connected3ViewController.swift */,
				303C3B4C22C16782003B3173 /* GIF.swift */,
			);
			path = ScreenSequence;
			sourceTree = "<group>";
		};
		76CD941622BD6C5800597BF0 /* Watson */ = {
			isa = PBXGroup;
			children = (
				76CD941322BD6ACF00597BF0 /* WatsonIntegration.swift */,
				76CD941722BD6C6F00597BF0 /* SoundManager.swift */,
			);
			path = Watson;
			sourceTree = "<group>";
		};
		96C771D7C5665BF39DD6CC6C /* Pods */ = {
			isa = PBXGroup;
			children = (
				BB6E1161CA55717F8B5AA579 /* Pods-RiR_POC.debug.xcconfig */,
				FAADF62552DBB47A28ACC2F1 /* Pods-RiR_POC.release.xcconfig */,
				E27985006E36C0E2C2153A31 /* Pods-RiR_POCTests.debug.xcconfig */,
				A02D781FC01DB48838FEA462 /* Pods-RiR_POCTests.release.xcconfig */,
				288635D812872B1F65B45402 /* Pods-RiR_POCUITests.debug.xcconfig */,
				DFE3B7E1D0F31BC79F7292F9 /* Pods-RiR_POCUITests.release.xcconfig */,
			);
			path = Pods;
			sourceTree = "<group>";
		};
		FA1B790688FC5C2F0F113432 /* Frameworks */ = {
			isa = PBXGroup;
			children = (
				D42B61E749B2C2A78F6BA93E /* Pods_RiR_POC.framework */,
				12C2490CB32C0E1AC04DEF07 /* Pods_RiR_POCTests.framework */,
				C52C2492F21426E2369CC080 /* Pods_RiR_POCUITests.framework */,
			);
			name = Frameworks;
			sourceTree = "<group>";
		};
/* End PBXGroup section */

/* Begin PBXNativeTarget section */
		30F5D23122B8039A00090C11 /* RiR_POC */ = {
			isa = PBXNativeTarget;
			buildConfigurationList = 30F5D25D22B8039D00090C11 /* Build configuration list for PBXNativeTarget "RiR_POC" */;
			buildPhases = (
				77F7285FCF16CAA6E0BD1F2B /* [CP] Check Pods Manifest.lock */,
				30F5D22E22B8039A00090C11 /* Sources */,
				30F5D22F22B8039A00090C11 /* Frameworks */,
				30F5D23022B8039A00090C11 /* Resources */,
				A21497EAFF0D0DFBBC7275E3 /* [CP] Embed Pods Frameworks */,
			);
			buildRules = (
			);
			dependencies = (
			);
			name = RiR_POC;
			productName = RiR_POC;
			productReference = 30F5D23222B8039A00090C11 /* RiR_POC.app */;
			productType = "com.apple.product-type.application";
		};
		30F5D24822B8039D00090C11 /* RiR_POCTests */ = {
			isa = PBXNativeTarget;
			buildConfigurationList = 30F5D26022B8039D00090C11 /* Build configuration list for PBXNativeTarget "RiR_POCTests" */;
			buildPhases = (
				B8F54F1DE0ECD842251B8C65 /* [CP] Check Pods Manifest.lock */,
				30F5D24522B8039D00090C11 /* Sources */,
				30F5D24622B8039D00090C11 /* Frameworks */,
				30F5D24722B8039D00090C11 /* Resources */,
			);
			buildRules = (
			);
			dependencies = (
				30F5D24B22B8039D00090C11 /* PBXTargetDependency */,
			);
			name = RiR_POCTests;
			productName = RiR_POCTests;
			productReference = 30F5D24922B8039D00090C11 /* RiR_POCTests.xctest */;
			productType = "com.apple.product-type.bundle.unit-test";
		};
		30F5D25322B8039D00090C11 /* RiR_POCUITests */ = {
			isa = PBXNativeTarget;
			buildConfigurationList = 30F5D26322B8039D00090C11 /* Build configuration list for PBXNativeTarget "RiR_POCUITests" */;
			buildPhases = (
				9899F144914B91DDDA28A160 /* [CP] Check Pods Manifest.lock */,
				30F5D25022B8039D00090C11 /* Sources */,
				30F5D25122B8039D00090C11 /* Frameworks */,
				30F5D25222B8039D00090C11 /* Resources */,
			);
			buildRules = (
			);
			dependencies = (
				30F5D25622B8039D00090C11 /* PBXTargetDependency */,
			);
			name = RiR_POCUITests;
			productName = RiR_POCUITests;
			productReference = 30F5D25422B8039D00090C11 /* RiR_POCUITests.xctest */;
			productType = "com.apple.product-type.bundle.ui-testing";
		};
/* End PBXNativeTarget section */

/* Begin PBXProject section */
		30F5D22A22B8039A00090C11 /* Project object */ = {
			isa = PBXProject;
			attributes = {
				LastSwiftUpdateCheck = 1020;
				LastUpgradeCheck = 1020;
				ORGANIZATIONNAME = "Erich Diniz";
				TargetAttributes = {
					30F5D23122B8039A00090C11 = {
						CreatedOnToolsVersion = 10.2.1;
					};
					30F5D24822B8039D00090C11 = {
						CreatedOnToolsVersion = 10.2.1;
						TestTargetID = 30F5D23122B8039A00090C11;
					};
					30F5D25322B8039D00090C11 = {
						CreatedOnToolsVersion = 10.2.1;
						TestTargetID = 30F5D23122B8039A00090C11;
					};
				};
			};
			buildConfigurationList = 30F5D22D22B8039A00090C11 /* Build configuration list for PBXProject "RiR_POC" */;
			compatibilityVersion = "Xcode 9.3";
			developmentRegion = en;
			hasScannedForEncodings = 0;
			knownRegions = (
				en,
				Base,
			);
			mainGroup = 30F5D22922B8039A00090C11;
			productRefGroup = 30F5D23322B8039A00090C11 /* Products */;
			projectDirPath = "";
			projectRoot = "";
			targets = (
				30F5D23122B8039A00090C11 /* RiR_POC */,
				30F5D24822B8039D00090C11 /* RiR_POCTests */,
				30F5D25322B8039D00090C11 /* RiR_POCUITests */,
			);
		};
/* End PBXProject section */

/* Begin PBXResourcesBuildPhase section */
		30F5D23022B8039A00090C11 /* Resources */ = {
			isa = PBXResourcesBuildPhase;
			buildActionMask = 2147483647;
			files = (
				30F5D24322B8039D00090C11 /* LaunchScreen.storyboard in Resources */,
				3024AC4A22BA9350005B9B36 /* Assets.xcassets in Resources */,
				30F5D23B22B8039A00090C11 /* Main.storyboard in Resources */,
			);
			runOnlyForDeploymentPostprocessing = 0;
		};
		30F5D24722B8039D00090C11 /* Resources */ = {
			isa = PBXResourcesBuildPhase;
			buildActionMask = 2147483647;
			files = (
			);
			runOnlyForDeploymentPostprocessing = 0;
		};
		30F5D25222B8039D00090C11 /* Resources */ = {
			isa = PBXResourcesBuildPhase;
			buildActionMask = 2147483647;
			files = (
			);
			runOnlyForDeploymentPostprocessing = 0;
		};
/* End PBXResourcesBuildPhase section */

/* Begin PBXShellScriptBuildPhase section */
		77F7285FCF16CAA6E0BD1F2B /* [CP] Check Pods Manifest.lock */ = {
			isa = PBXShellScriptBuildPhase;
			buildActionMask = 2147483647;
			files = (
			);
			inputFileListPaths = (
			);
			inputPaths = (
				"${PODS_PODFILE_DIR_PATH}/Podfile.lock",
				"${PODS_ROOT}/Manifest.lock",
			);
			name = "[CP] Check Pods Manifest.lock";
			outputFileListPaths = (
			);
			outputPaths = (
				"$(DERIVED_FILE_DIR)/Pods-RiR_POC-checkManifestLockResult.txt",
			);
			runOnlyForDeploymentPostprocessing = 0;
			shellPath = /bin/sh;
			shellScript = "diff \"${PODS_PODFILE_DIR_PATH}/Podfile.lock\" \"${PODS_ROOT}/Manifest.lock\" > /dev/null\nif [ $? != 0 ] ; then\n    # print error to STDERR\n    echo \"error: The sandbox is not in sync with the Podfile.lock. Run 'pod install' or update your CocoaPods installation.\" >&2\n    exit 1\nfi\n# This output is used by Xcode 'outputs' to avoid re-running this script phase.\necho \"SUCCESS\" > \"${SCRIPT_OUTPUT_FILE_0}\"\n";
			showEnvVarsInLog = 0;
		};
		9899F144914B91DDDA28A160 /* [CP] Check Pods Manifest.lock */ = {
			isa = PBXShellScriptBuildPhase;
			buildActionMask = 2147483647;
			files = (
			);
			inputFileListPaths = (
			);
			inputPaths = (
				"${PODS_PODFILE_DIR_PATH}/Podfile.lock",
				"${PODS_ROOT}/Manifest.lock",
			);
			name = "[CP] Check Pods Manifest.lock";
			outputFileListPaths = (
			);
			outputPaths = (
				"$(DERIVED_FILE_DIR)/Pods-RiR_POCUITests-checkManifestLockResult.txt",
			);
			runOnlyForDeploymentPostprocessing = 0;
			shellPath = /bin/sh;
			shellScript = "diff \"${PODS_PODFILE_DIR_PATH}/Podfile.lock\" \"${PODS_ROOT}/Manifest.lock\" > /dev/null\nif [ $? != 0 ] ; then\n    # print error to STDERR\n    echo \"error: The sandbox is not in sync with the Podfile.lock. Run 'pod install' or update your CocoaPods installation.\" >&2\n    exit 1\nfi\n# This output is used by Xcode 'outputs' to avoid re-running this script phase.\necho \"SUCCESS\" > \"${SCRIPT_OUTPUT_FILE_0}\"\n";
			showEnvVarsInLog = 0;
		};
		A21497EAFF0D0DFBBC7275E3 /* [CP] Embed Pods Frameworks */ = {
			isa = PBXShellScriptBuildPhase;
			buildActionMask = 2147483647;
			files = (
			);
			inputFileListPaths = (
			);
			inputPaths = (
				"${PODS_ROOT}/Target Support Files/Pods-RiR_POC/Pods-RiR_POC-frameworks.sh",
				"${BUILT_PRODUCTS_DIR}/IBMWatsonRestKit/RestKit.framework",
				"${BUILT_PRODUCTS_DIR}/IBMWatsonTextToSpeechV1/TextToSpeech.framework",
			);
			name = "[CP] Embed Pods Frameworks";
			outputFileListPaths = (
			);
			outputPaths = (
				"${TARGET_BUILD_DIR}/${FRAMEWORKS_FOLDER_PATH}/RestKit.framework",
				"${TARGET_BUILD_DIR}/${FRAMEWORKS_FOLDER_PATH}/TextToSpeech.framework",
			);
			runOnlyForDeploymentPostprocessing = 0;
			shellPath = /bin/sh;
			shellScript = "\"${PODS_ROOT}/Target Support Files/Pods-RiR_POC/Pods-RiR_POC-frameworks.sh\"\n";
			showEnvVarsInLog = 0;
		};
		B8F54F1DE0ECD842251B8C65 /* [CP] Check Pods Manifest.lock */ = {
			isa = PBXShellScriptBuildPhase;
			buildActionMask = 2147483647;
			files = (
			);
			inputFileListPaths = (
			);
			inputPaths = (
				"${PODS_PODFILE_DIR_PATH}/Podfile.lock",
				"${PODS_ROOT}/Manifest.lock",
			);
			name = "[CP] Check Pods Manifest.lock";
			outputFileListPaths = (
			);
			outputPaths = (
				"$(DERIVED_FILE_DIR)/Pods-RiR_POCTests-checkManifestLockResult.txt",
			);
			runOnlyForDeploymentPostprocessing = 0;
			shellPath = /bin/sh;
			shellScript = "diff \"${PODS_PODFILE_DIR_PATH}/Podfile.lock\" \"${PODS_ROOT}/Manifest.lock\" > /dev/null\nif [ $? != 0 ] ; then\n    # print error to STDERR\n    echo \"error: The sandbox is not in sync with the Podfile.lock. Run 'pod install' or update your CocoaPods installation.\" >&2\n    exit 1\nfi\n# This output is used by Xcode 'outputs' to avoid re-running this script phase.\necho \"SUCCESS\" > \"${SCRIPT_OUTPUT_FILE_0}\"\n";
			showEnvVarsInLog = 0;
		};
/* End PBXShellScriptBuildPhase section */

/* Begin PBXSourcesBuildPhase section */
		30F5D22E22B8039A00090C11 /* Sources */ = {
			isa = PBXSourcesBuildPhase;
			buildActionMask = 2147483647;
			files = (
				30F5D26A22B815BB00090C11 /* NotConnectedViewController.swift in Sources */,
				306D1E3922B976E200E24CB4 /* SingersTableViewCell.swift in Sources */,
				76674D1E22C1053C00295391 /* WatsonMock.swift in Sources */,
				30E1CE1D22C1436200FDB415 /* MapsViewController.swift in Sources */,
				76CD941422BD6ACF00597BF0 /* WatsonIntegration.swift in Sources */,
				30F5D26822B8149D00090C11 /* ConnectedViewController.swift in Sources */,
				30A9303222BFBE1500C21F41 /* Connected3ViewController.swift in Sources */,
				30F5D23E22B8039B00090C11 /* RiR_POC.xcdatamodeld in Sources */,
				30F5D23822B8039A00090C11 /* ViewController.swift in Sources */,
				30F5D23622B8039A00090C11 /* AppDelegate.swift in Sources */,
				3024AC4822BA7ED6005B9B36 /* Connected2ViewController.swift in Sources */,
				303C3B4D22C16782003B3173 /* GIF.swift in Sources */,
				76CD941822BD6C6F00597BF0 /* SoundManager.swift in Sources */,
			);
			runOnlyForDeploymentPostprocessing = 0;
		};
		30F5D24522B8039D00090C11 /* Sources */ = {
			isa = PBXSourcesBuildPhase;
			buildActionMask = 2147483647;
			files = (
				30F5D24E22B8039D00090C11 /* RiR_POCTests.swift in Sources */,
			);
			runOnlyForDeploymentPostprocessing = 0;
		};
		30F5D25022B8039D00090C11 /* Sources */ = {
			isa = PBXSourcesBuildPhase;
			buildActionMask = 2147483647;
			files = (
				30F5D25922B8039D00090C11 /* RiR_POCUITests.swift in Sources */,
			);
			runOnlyForDeploymentPostprocessing = 0;
		};
/* End PBXSourcesBuildPhase section */

/* Begin PBXTargetDependency section */
		30F5D24B22B8039D00090C11 /* PBXTargetDependency */ = {
			isa = PBXTargetDependency;
			target = 30F5D23122B8039A00090C11 /* RiR_POC */;
			targetProxy = 30F5D24A22B8039D00090C11 /* PBXContainerItemProxy */;
		};
		30F5D25622B8039D00090C11 /* PBXTargetDependency */ = {
			isa = PBXTargetDependency;
			target = 30F5D23122B8039A00090C11 /* RiR_POC */;
			targetProxy = 30F5D25522B8039D00090C11 /* PBXContainerItemProxy */;
		};
/* End PBXTargetDependency section */

/* Begin PBXVariantGroup section */
		30F5D23922B8039A00090C11 /* Main.storyboard */ = {
			isa = PBXVariantGroup;
			children = (
				30F5D23A22B8039A00090C11 /* Base */,
			);
			name = Main.storyboard;
			sourceTree = "<group>";
		};
		30F5D24122B8039D00090C11 /* LaunchScreen.storyboard */ = {
			isa = PBXVariantGroup;
			children = (
				30F5D24222B8039D00090C11 /* Base */,
			);
			name = LaunchScreen.storyboard;
			sourceTree = "<group>";
		};
/* End PBXVariantGroup section */

/* Begin XCBuildConfiguration section */
		30F5D25B22B8039D00090C11 /* Debug */ = {
			isa = XCBuildConfiguration;
			buildSettings = {
				ALWAYS_SEARCH_USER_PATHS = NO;
				CLANG_ANALYZER_NONNULL = YES;
				CLANG_ANALYZER_NUMBER_OBJECT_CONVERSION = YES_AGGRESSIVE;
				CLANG_CXX_LANGUAGE_STANDARD = "gnu++14";
				CLANG_CXX_LIBRARY = "libc++";
				CLANG_ENABLE_MODULES = YES;
				CLANG_ENABLE_OBJC_ARC = YES;
				CLANG_ENABLE_OBJC_WEAK = YES;
				CLANG_WARN_BLOCK_CAPTURE_AUTORELEASING = YES;
				CLANG_WARN_BOOL_CONVERSION = YES;
				CLANG_WARN_COMMA = YES;
				CLANG_WARN_CONSTANT_CONVERSION = YES;
				CLANG_WARN_DEPRECATED_OBJC_IMPLEMENTATIONS = YES;
				CLANG_WARN_DIRECT_OBJC_ISA_USAGE = YES_ERROR;
				CLANG_WARN_DOCUMENTATION_COMMENTS = YES;
				CLANG_WARN_EMPTY_BODY = YES;
				CLANG_WARN_ENUM_CONVERSION = YES;
				CLANG_WARN_INFINITE_RECURSION = YES;
				CLANG_WARN_INT_CONVERSION = YES;
				CLANG_WARN_NON_LITERAL_NULL_CONVERSION = YES;
				CLANG_WARN_OBJC_IMPLICIT_RETAIN_SELF = YES;
				CLANG_WARN_OBJC_LITERAL_CONVERSION = YES;
				CLANG_WARN_OBJC_ROOT_CLASS = YES_ERROR;
				CLANG_WARN_RANGE_LOOP_ANALYSIS = YES;
				CLANG_WARN_STRICT_PROTOTYPES = YES;
				CLANG_WARN_SUSPICIOUS_MOVE = YES;
				CLANG_WARN_UNGUARDED_AVAILABILITY = YES_AGGRESSIVE;
				CLANG_WARN_UNREACHABLE_CODE = YES;
				CLANG_WARN__DUPLICATE_METHOD_MATCH = YES;
				CODE_SIGN_IDENTITY = "iPhone Developer";
				COPY_PHASE_STRIP = NO;
				DEBUG_INFORMATION_FORMAT = dwarf;
				ENABLE_STRICT_OBJC_MSGSEND = YES;
				ENABLE_TESTABILITY = YES;
				GCC_C_LANGUAGE_STANDARD = gnu11;
				GCC_DYNAMIC_NO_PIC = NO;
				GCC_NO_COMMON_BLOCKS = YES;
				GCC_OPTIMIZATION_LEVEL = 0;
				GCC_PREPROCESSOR_DEFINITIONS = (
					"DEBUG=1",
					"$(inherited)",
				);
				GCC_WARN_64_TO_32_BIT_CONVERSION = YES;
				GCC_WARN_ABOUT_RETURN_TYPE = YES_ERROR;
				GCC_WARN_UNDECLARED_SELECTOR = YES;
				GCC_WARN_UNINITIALIZED_AUTOS = YES_AGGRESSIVE;
				GCC_WARN_UNUSED_FUNCTION = YES;
				GCC_WARN_UNUSED_VARIABLE = YES;
				IPHONEOS_DEPLOYMENT_TARGET = 12.2;
				MTL_ENABLE_DEBUG_INFO = INCLUDE_SOURCE;
				MTL_FAST_MATH = YES;
				ONLY_ACTIVE_ARCH = YES;
				SDKROOT = iphoneos;
				SWIFT_ACTIVE_COMPILATION_CONDITIONS = DEBUG;
				SWIFT_OPTIMIZATION_LEVEL = "-Onone";
			};
			name = Debug;
		};
		30F5D25C22B8039D00090C11 /* Release */ = {
			isa = XCBuildConfiguration;
			buildSettings = {
				ALWAYS_SEARCH_USER_PATHS = NO;
				CLANG_ANALYZER_NONNULL = YES;
				CLANG_ANALYZER_NUMBER_OBJECT_CONVERSION = YES_AGGRESSIVE;
				CLANG_CXX_LANGUAGE_STANDARD = "gnu++14";
				CLANG_CXX_LIBRARY = "libc++";
				CLANG_ENABLE_MODULES = YES;
				CLANG_ENABLE_OBJC_ARC = YES;
				CLANG_ENABLE_OBJC_WEAK = YES;
				CLANG_WARN_BLOCK_CAPTURE_AUTORELEASING = YES;
				CLANG_WARN_BOOL_CONVERSION = YES;
				CLANG_WARN_COMMA = YES;
				CLANG_WARN_CONSTANT_CONVERSION = YES;
				CLANG_WARN_DEPRECATED_OBJC_IMPLEMENTATIONS = YES;
				CLANG_WARN_DIRECT_OBJC_ISA_USAGE = YES_ERROR;
				CLANG_WARN_DOCUMENTATION_COMMENTS = YES;
				CLANG_WARN_EMPTY_BODY = YES;
				CLANG_WARN_ENUM_CONVERSION = YES;
				CLANG_WARN_INFINITE_RECURSION = YES;
				CLANG_WARN_INT_CONVERSION = YES;
				CLANG_WARN_NON_LITERAL_NULL_CONVERSION = YES;
				CLANG_WARN_OBJC_IMPLICIT_RETAIN_SELF = YES;
				CLANG_WARN_OBJC_LITERAL_CONVERSION = YES;
				CLANG_WARN_OBJC_ROOT_CLASS = YES_ERROR;
				CLANG_WARN_RANGE_LOOP_ANALYSIS = YES;
				CLANG_WARN_STRICT_PROTOTYPES = YES;
				CLANG_WARN_SUSPICIOUS_MOVE = YES;
				CLANG_WARN_UNGUARDED_AVAILABILITY = YES_AGGRESSIVE;
				CLANG_WARN_UNREACHABLE_CODE = YES;
				CLANG_WARN__DUPLICATE_METHOD_MATCH = YES;
				CODE_SIGN_IDENTITY = "iPhone Developer";
				COPY_PHASE_STRIP = NO;
				DEBUG_INFORMATION_FORMAT = "dwarf-with-dsym";
				ENABLE_NS_ASSERTIONS = NO;
				ENABLE_STRICT_OBJC_MSGSEND = YES;
				GCC_C_LANGUAGE_STANDARD = gnu11;
				GCC_NO_COMMON_BLOCKS = YES;
				GCC_WARN_64_TO_32_BIT_CONVERSION = YES;
				GCC_WARN_ABOUT_RETURN_TYPE = YES_ERROR;
				GCC_WARN_UNDECLARED_SELECTOR = YES;
				GCC_WARN_UNINITIALIZED_AUTOS = YES_AGGRESSIVE;
				GCC_WARN_UNUSED_FUNCTION = YES;
				GCC_WARN_UNUSED_VARIABLE = YES;
				IPHONEOS_DEPLOYMENT_TARGET = 12.2;
				MTL_ENABLE_DEBUG_INFO = NO;
				MTL_FAST_MATH = YES;
				SDKROOT = iphoneos;
				SWIFT_COMPILATION_MODE = wholemodule;
				SWIFT_OPTIMIZATION_LEVEL = "-O";
				VALIDATE_PRODUCT = YES;
			};
			name = Release;
		};
		30F5D25E22B8039D00090C11 /* Debug */ = {
			isa = XCBuildConfiguration;
			baseConfigurationReference = BB6E1161CA55717F8B5AA579 /* Pods-RiR_POC.debug.xcconfig */;
			buildSettings = {
				ASSETCATALOG_COMPILER_APPICON_NAME = AppIcon;
				CODE_SIGN_STYLE = Automatic;
				DEVELOPMENT_TEAM = GTEQ3W8222;
				INFOPLIST_FILE = RiR_POC/Info.plist;
				LD_RUNPATH_SEARCH_PATHS = (
					"$(inherited)",
					"@executable_path/Frameworks",
				);
				PRODUCT_BUNDLE_IDENTIFIER = "Uxcelence.RiR-POC";
				PRODUCT_NAME = "$(TARGET_NAME)";
				SWIFT_VERSION = 5.0;
				TARGETED_DEVICE_FAMILY = "1,2";
			};
			name = Debug;
		};
		30F5D25F22B8039D00090C11 /* Release */ = {
			isa = XCBuildConfiguration;
			baseConfigurationReference = FAADF62552DBB47A28ACC2F1 /* Pods-RiR_POC.release.xcconfig */;
			buildSettings = {
				ASSETCATALOG_COMPILER_APPICON_NAME = AppIcon;
				CODE_SIGN_STYLE = Automatic;
				DEVELOPMENT_TEAM = GTEQ3W8222;
				INFOPLIST_FILE = RiR_POC/Info.plist;
				LD_RUNPATH_SEARCH_PATHS = (
					"$(inherited)",
					"@executable_path/Frameworks",
				);
				PRODUCT_BUNDLE_IDENTIFIER = "Uxcelence.RiR-POC";
				PRODUCT_NAME = "$(TARGET_NAME)";
				SWIFT_VERSION = 5.0;
				TARGETED_DEVICE_FAMILY = "1,2";
			};
			name = Release;
		};
		30F5D26122B8039D00090C11 /* Debug */ = {
			isa = XCBuildConfiguration;
			baseConfigurationReference = E27985006E36C0E2C2153A31 /* Pods-RiR_POCTests.debug.xcconfig */;
			buildSettings = {
				ALWAYS_EMBED_SWIFT_STANDARD_LIBRARIES = YES;
				BUNDLE_LOADER = "$(TEST_HOST)";
				CODE_SIGN_STYLE = Automatic;
				DEVELOPMENT_TEAM = D562KTB7QA;
				INFOPLIST_FILE = RiR_POCTests/Info.plist;
				LD_RUNPATH_SEARCH_PATHS = (
					"$(inherited)",
					"@executable_path/Frameworks",
					"@loader_path/Frameworks",
				);
				PRODUCT_BUNDLE_IDENTIFIER = "Uxcelence.RiR-POCTests";
				PRODUCT_NAME = "$(TARGET_NAME)";
				SWIFT_VERSION = 5.0;
				TARGETED_DEVICE_FAMILY = "1,2";
				TEST_HOST = "$(BUILT_PRODUCTS_DIR)/RiR_POC.app/RiR_POC";
			};
			name = Debug;
		};
		30F5D26222B8039D00090C11 /* Release */ = {
			isa = XCBuildConfiguration;
			baseConfigurationReference = A02D781FC01DB48838FEA462 /* Pods-RiR_POCTests.release.xcconfig */;
			buildSettings = {
				ALWAYS_EMBED_SWIFT_STANDARD_LIBRARIES = YES;
				BUNDLE_LOADER = "$(TEST_HOST)";
				CODE_SIGN_STYLE = Automatic;
				DEVELOPMENT_TEAM = D562KTB7QA;
				INFOPLIST_FILE = RiR_POCTests/Info.plist;
				LD_RUNPATH_SEARCH_PATHS = (
					"$(inherited)",
					"@executable_path/Frameworks",
					"@loader_path/Frameworks",
				);
				PRODUCT_BUNDLE_IDENTIFIER = "Uxcelence.RiR-POCTests";
				PRODUCT_NAME = "$(TARGET_NAME)";
				SWIFT_VERSION = 5.0;
				TARGETED_DEVICE_FAMILY = "1,2";
				TEST_HOST = "$(BUILT_PRODUCTS_DIR)/RiR_POC.app/RiR_POC";
			};
			name = Release;
		};
		30F5D26422B8039D00090C11 /* Debug */ = {
			isa = XCBuildConfiguration;
			baseConfigurationReference = 288635D812872B1F65B45402 /* Pods-RiR_POCUITests.debug.xcconfig */;
			buildSettings = {
				ALWAYS_EMBED_SWIFT_STANDARD_LIBRARIES = YES;
				CODE_SIGN_STYLE = Automatic;
				DEVELOPMENT_TEAM = D562KTB7QA;
				INFOPLIST_FILE = RiR_POCUITests/Info.plist;
				LD_RUNPATH_SEARCH_PATHS = (
					"$(inherited)",
					"@executable_path/Frameworks",
					"@loader_path/Frameworks",
				);
				PRODUCT_BUNDLE_IDENTIFIER = "Uxcelence.RiR-POCUITests";
				PRODUCT_NAME = "$(TARGET_NAME)";
				SWIFT_VERSION = 5.0;
				TARGETED_DEVICE_FAMILY = "1,2";
				TEST_TARGET_NAME = RiR_POC;
			};
			name = Debug;
		};
		30F5D26522B8039D00090C11 /* Release */ = {
			isa = XCBuildConfiguration;
			baseConfigurationReference = DFE3B7E1D0F31BC79F7292F9 /* Pods-RiR_POCUITests.release.xcconfig */;
			buildSettings = {
				ALWAYS_EMBED_SWIFT_STANDARD_LIBRARIES = YES;
				CODE_SIGN_STYLE = Automatic;
				DEVELOPMENT_TEAM = D562KTB7QA;
				INFOPLIST_FILE = RiR_POCUITests/Info.plist;
				LD_RUNPATH_SEARCH_PATHS = (
					"$(inherited)",
					"@executable_path/Frameworks",
					"@loader_path/Frameworks",
				);
				PRODUCT_BUNDLE_IDENTIFIER = "Uxcelence.RiR-POCUITests";
				PRODUCT_NAME = "$(TARGET_NAME)";
				SWIFT_VERSION = 5.0;
				TARGETED_DEVICE_FAMILY = "1,2";
				TEST_TARGET_NAME = RiR_POC;
			};
			name = Release;
		};
/* End XCBuildConfiguration section */

/* Begin XCConfigurationList section */
		30F5D22D22B8039A00090C11 /* Build configuration list for PBXProject "RiR_POC" */ = {
			isa = XCConfigurationList;
			buildConfigurations = (
				30F5D25B22B8039D00090C11 /* Debug */,
				30F5D25C22B8039D00090C11 /* Release */,
			);
			defaultConfigurationIsVisible = 0;
			defaultConfigurationName = Release;
		};
		30F5D25D22B8039D00090C11 /* Build configuration list for PBXNativeTarget "RiR_POC" */ = {
			isa = XCConfigurationList;
			buildConfigurations = (
				30F5D25E22B8039D00090C11 /* Debug */,
				30F5D25F22B8039D00090C11 /* Release */,
			);
			defaultConfigurationIsVisible = 0;
			defaultConfigurationName = Release;
		};
		30F5D26022B8039D00090C11 /* Build configuration list for PBXNativeTarget "RiR_POCTests" */ = {
			isa = XCConfigurationList;
			buildConfigurations = (
				30F5D26122B8039D00090C11 /* Debug */,
				30F5D26222B8039D00090C11 /* Release */,
			);
			defaultConfigurationIsVisible = 0;
			defaultConfigurationName = Release;
		};
		30F5D26322B8039D00090C11 /* Build configuration list for PBXNativeTarget "RiR_POCUITests" */ = {
			isa = XCConfigurationList;
			buildConfigurations = (
				30F5D26422B8039D00090C11 /* Debug */,
				30F5D26522B8039D00090C11 /* Release */,
			);
			defaultConfigurationIsVisible = 0;
			defaultConfigurationName = Release;
		};
/* End XCConfigurationList section */

/* Begin XCVersionGroup section */
		30F5D23C22B8039B00090C11 /* RiR_POC.xcdatamodeld */ = {
			isa = XCVersionGroup;
			children = (
				30F5D23D22B8039B00090C11 /* RiR_POC.xcdatamodel */,
			);
			currentVersion = 30F5D23D22B8039B00090C11 /* RiR_POC.xcdatamodel */;
			path = RiR_POC.xcdatamodeld;
			sourceTree = "<group>";
			versionGroupType = wrapper.xcdatamodel;
		};
/* End XCVersionGroup section */
	};
	rootObject = 30F5D22A22B8039A00090C11 /* Project object */;
}
